
Microsoft Visual Studio Solution File, Format Version 12.00
Project("{FAE04EC0-301F-11D3-BF4B-00C04F79EFBC}") = "Devkit.Common", "Devkit.Common\Devkit.Common.csproj", "{0DF9D942-8FD5-455B-9FDF-015ED92CF599}"
EndProject
Project("{FAE04EC0-301F-11D3-BF4B-00C04F79EFBC}") = "Devkit.Sample.Api", "Devkit.Sample.Api\Devkit.Sample.Api.csproj", "{5128BD1A-2D0C-4EC1-82B0-ABB935C867F0}"
EndProject
Project("{FAE04EC0-301F-11D3-BF4B-00C04F79EFBC}") = "Devkit.Common.Messaging", "Devkit.Common.Messaging\Devkit.Common.Messaging.csproj", "{66B64C26-86B0-4155-BE1E-0CBBCF662CC6}"
EndProject
Project("{FAE04EC0-301F-11D3-BF4B-00C04F79EFBC}") = "Devkit.Common.Caching", "Devkit.Common.Caching\Devkit.Common.Caching.csproj", "{8DF82DB9-8C43-4E06-A40B-E1BC04B768FE}"
EndProject
Project("{FAE04EC0-301F-11D3-BF4B-00C04F79EFBC}") = "Devkit.Common.Jobs", "Devkit.Common.Jobs\Devkit.Common.Jobs.csproj", "{E4EFF88E-C09E-41E0-ADE7-218665E9E300}"
EndProject
Project("{FAE04EC0-301F-11D3-BF4B-00C04F79EFBC}") = "Devkit.Common.Identity", "Devkit.Common.Identity\Devkit.Common.Identity.csproj", "{091F6510-3666-4247-BAAA-D544C2861606}"
EndProject
Project("{2150E333-8FDC-42A3-9474-1A3956D46DE8}") = "Solution Items", "Solution Items", "{0C5E75B0-CF9B-4B34-9976-EC2898677725}"
	ProjectSection(SolutionItems) = preProject
		Directory.Build.props = Directory.Build.props
		Directory.Packages.props = Directory.Packages.props
		.gitignore = .gitignore
		global.json = global.json
		README.md = README.md
	EndProjectSection
EndProject
Global
	GlobalSection(SolutionConfigurationPlatforms) = preSolution
		Debug|Any CPU = Debug|Any CPU
		Release|Any CPU = Release|Any CPU
	EndGlobalSection
	GlobalSection(ProjectConfigurationPlatforms) = postSolution
		{0DF9D942-8FD5-455B-9FDF-015ED92CF599}.Debug|Any CPU.ActiveCfg = Debug|Any CPU
		{0DF9D942-8FD5-455B-9FDF-015ED92CF599}.Debug|Any CPU.Build.0 = Debug|Any CPU
		{0DF9D942-8FD5-455B-9FDF-015ED92CF599}.Release|Any CPU.ActiveCfg = Release|Any CPU
		{0DF9D942-8FD5-455B-9FDF-015ED92CF599}.Release|Any CPU.Build.0 = Release|Any CPU
		{5128BD1A-2D0C-4EC1-82B0-ABB935C867F0}.Debug|Any CPU.ActiveCfg = Debug|Any CPU
		{5128BD1A-2D0C-4EC1-82B0-ABB935C867F0}.Debug|Any CPU.Build.0 = Debug|Any CPU
		{5128BD1A-2D0C-4EC1-82B0-ABB935C867F0}.Release|Any CPU.ActiveCfg = Release|Any CPU
		{5128BD1A-2D0C-4EC1-82B0-ABB935C867F0}.Release|Any CPU.Build.0 = Release|Any CPU
		{66B64C26-86B0-4155-BE1E-0CBBCF662CC6}.Debug|Any CPU.ActiveCfg = Debug|Any CPU
		{66B64C26-86B0-4155-BE1E-0CBBCF662CC6}.Debug|Any CPU.Build.0 = Debug|Any CPU
		{66B64C26-86B0-4155-BE1E-0CBBCF662CC6}.Release|Any CPU.ActiveCfg = Release|Any CPU
		{66B64C26-86B0-4155-BE1E-0CBBCF662CC6}.Release|Any CPU.Build.0 = Release|Any CPU
		{8DF82DB9-8C43-4E06-A40B-E1BC04B768FE}.Debug|Any CPU.ActiveCfg = Debug|Any CPU
		{8DF82DB9-8C43-4E06-A40B-E1BC04B768FE}.Debug|Any CPU.Build.0 = Debug|Any CPU
		{8DF82DB9-8C43-4E06-A40B-E1BC04B768FE}.Release|Any CPU.ActiveCfg = Release|Any CPU
		{8DF82DB9-8C43-4E06-A40B-E1BC04B768FE}.Release|Any CPU.Build.0 = Release|Any CPU
		{E4EFF88E-C09E-41E0-ADE7-218665E9E300}.Debug|Any CPU.ActiveCfg = Debug|Any CPU
		{E4EFF88E-C09E-41E0-ADE7-218665E9E300}.Debug|Any CPU.Build.0 = Debug|Any CPU
		{E4EFF88E-C09E-41E0-ADE7-218665E9E300}.Release|Any CPU.ActiveCfg = Release|Any CPU
		{E4EFF88E-C09E-41E0-ADE7-218665E9E300}.Release|Any CPU.Build.0 = Release|Any CPU
		{091F6510-3666-4247-BAAA-D544C2861606}.Debug|Any CPU.ActiveCfg = Debug|Any CPU
		{091F6510-3666-4247-BAAA-D544C2861606}.Debug|Any CPU.Build.0 = Debug|Any CPU
		{091F6510-3666-4247-BAAA-D544C2861606}.Release|Any CPU.ActiveCfg = Release|Any CPU
		{091F6510-3666-4247-BAAA-D544C2861606}.Release|Any CPU.Build.0 = Release|Any CPU
	EndGlobalSection
	GlobalSection(NestedProjects) = preSolution
	EndGlobalSection
EndGlobal
